// !$*UTF8*$!
{
	archiveVersion = 1;
	classes = {
	};
	objectVersion = 46;
	objects = {

/* Begin PBXBuildFile section */
		26301E9FFCDF4FA9ABA3F1A4 /* libPods.a in Frameworks */ = {isa = PBXBuildFile; fileRef = 36AA087152DD4100B4D0BA7C /* libPods.a */; };
		E53476281856B7DF00D02431 /* Foundation.framework in Frameworks */ = {isa = PBXBuildFile; fileRef = E53476271856B7DF00D02431 /* Foundation.framework */; };
		E534762A1856B7DF00D02431 /* CoreGraphics.framework in Frameworks */ = {isa = PBXBuildFile; fileRef = E53476291856B7DF00D02431 /* CoreGraphics.framework */; };
		E534762C1856B7DF00D02431 /* UIKit.framework in Frameworks */ = {isa = PBXBuildFile; fileRef = E534762B1856B7DF00D02431 /* UIKit.framework */; };
		E53476321856B7DF00D02431 /* InfoPlist.strings in Resources */ = {isa = PBXBuildFile; fileRef = E53476301856B7DF00D02431 /* InfoPlist.strings */; };
		E53476341856B7DF00D02431 /* main.m in Sources */ = {isa = PBXBuildFile; fileRef = E53476331856B7DF00D02431 /* main.m */; };
		E53476381856B7DF00D02431 /* MPSAppDelegate.m in Sources */ = {isa = PBXBuildFile; fileRef = E53476371856B7DF00D02431 /* MPSAppDelegate.m */; };
		E534763B1856B7DF00D02431 /* Main.storyboard in Resources */ = {isa = PBXBuildFile; fileRef = E53476391856B7DF00D02431 /* Main.storyboard */; };
		E534763E1856B7DF00D02431 /* MPSViewController.m in Sources */ = {isa = PBXBuildFile; fileRef = E534763D1856B7DF00D02431 /* MPSViewController.m */; };
		E53476401856B7DF00D02431 /* Images.xcassets in Resources */ = {isa = PBXBuildFile; fileRef = E534763F1856B7DF00D02431 /* Images.xcassets */; };
		E53476471856B7DF00D02431 /* XCTest.framework in Frameworks */ = {isa = PBXBuildFile; fileRef = E53476461856B7DF00D02431 /* XCTest.framework */; };
		E53476481856B7DF00D02431 /* Foundation.framework in Frameworks */ = {isa = PBXBuildFile; fileRef = E53476271856B7DF00D02431 /* Foundation.framework */; };
		E53476491856B7DF00D02431 /* UIKit.framework in Frameworks */ = {isa = PBXBuildFile; fileRef = E534762B1856B7DF00D02431 /* UIKit.framework */; };
		E53476511856B7DF00D02431 /* InfoPlist.strings in Resources */ = {isa = PBXBuildFile; fileRef = E534764F1856B7DF00D02431 /* InfoPlist.strings */; };
		E5A410E2189C7924005F5424 /* MPSTickerTest.m in Sources */ = {isa = PBXBuildFile; fileRef = E5A410E1189C7924005F5424 /* MPSTickerTest.m */; };
		E5A410E7189C79D9005F5424 /* MPSTicker.m in Sources */ = {isa = PBXBuildFile; fileRef = E5A410E4189C79D9005F5424 /* MPSTicker.m */; };
		E5A410E8189C79D9005F5424 /* MPSTicker.m in Sources */ = {isa = PBXBuildFile; fileRef = E5A410E4189C79D9005F5424 /* MPSTicker.m */; };
		E5A410E9189C79D9005F5424 /* MPSViewModel.m in Sources */ = {isa = PBXBuildFile; fileRef = E5A410E6189C79D9005F5424 /* MPSViewModel.m */; };
		E5A410EA189C79D9005F5424 /* MPSViewModel.m in Sources */ = {isa = PBXBuildFile; fileRef = E5A410E6189C79D9005F5424 /* MPSViewModel.m */; };
/* End PBXBuildFile section */

/* Begin PBXContainerItemProxy section */
		E534764A1856B7DF00D02431 /* PBXContainerItemProxy */ = {
			isa = PBXContainerItemProxy;
			containerPortal = E534761C1856B7DF00D02431 /* Project object */;
			proxyType = 1;
			remoteGlobalIDString = E53476231856B7DF00D02431;
			remoteInfo = RACTest;
		};
/* End PBXContainerItemProxy section */

/* Begin PBXFileReference section */
		36AA087152DD4100B4D0BA7C /* libPods.a */ = {isa = PBXFileReference; explicitFileType = archive.ar; includeInIndex = 0; path = libPods.a; sourceTree = BUILT_PRODUCTS_DIR; };
		5A2F6586DCD94238BF15590B /* Pods.xcconfig */ = {isa = PBXFileReference; includeInIndex = 1; lastKnownFileType = text.xcconfig; name = Pods.xcconfig; path = Pods/Pods.xcconfig; sourceTree = "<group>"; };
		E53476241856B7DF00D02431 /* RACTest.app */ = {isa = PBXFileReference; explicitFileType = wrapper.application; includeInIndex = 0; path = RACTest.app; sourceTree = BUILT_PRODUCTS_DIR; };
		E53476271856B7DF00D02431 /* Foundation.framework */ = {isa = PBXFileReference; lastKnownFileType = wrapper.framework; name = Foundation.framework; path = System/Library/Frameworks/Foundation.framework; sourceTree = SDKROOT; };
		E53476291856B7DF00D02431 /* CoreGraphics.framework */ = {isa = PBXFileReference; lastKnownFileType = wrapper.framework; name = CoreGraphics.framework; path = System/Library/Frameworks/CoreGraphics.framework; sourceTree = SDKROOT; };
		E534762B1856B7DF00D02431 /* UIKit.framework */ = {isa = PBXFileReference; lastKnownFileType = wrapper.framework; name = UIKit.framework; path = System/Library/Frameworks/UIKit.framework; sourceTree = SDKROOT; };
		E534762F1856B7DF00D02431 /* RACTest-Info.plist */ = {isa = PBXFileReference; lastKnownFileType = text.plist.xml; path = "RACTest-Info.plist"; sourceTree = "<group>"; };
		E53476311856B7DF00D02431 /* en */ = {isa = PBXFileReference; lastKnownFileType = text.plist.strings; name = en; path = en.lproj/InfoPlist.strings; sourceTree = "<group>"; };
		E53476331856B7DF00D02431 /* main.m */ = {isa = PBXFileReference; lastKnownFileType = sourcecode.c.objc; path = main.m; sourceTree = "<group>"; };
		E53476351856B7DF00D02431 /* RACTest-Prefix.pch */ = {isa = PBXFileReference; lastKnownFileType = sourcecode.c.h; path = "RACTest-Prefix.pch"; sourceTree = "<group>"; };
		E53476361856B7DF00D02431 /* MPSAppDelegate.h */ = {isa = PBXFileReference; lastKnownFileType = sourcecode.c.h; path = MPSAppDelegate.h; sourceTree = "<group>"; };
		E53476371856B7DF00D02431 /* MPSAppDelegate.m */ = {isa = PBXFileReference; lastKnownFileType = sourcecode.c.objc; path = MPSAppDelegate.m; sourceTree = "<group>"; };
		E534763A1856B7DF00D02431 /* Base */ = {isa = PBXFileReference; lastKnownFileType = file.storyboard; name = Base; path = Base.lproj/Main.storyboard; sourceTree = "<group>"; };
		E534763C1856B7DF00D02431 /* MPSViewController.h */ = {isa = PBXFileReference; lastKnownFileType = sourcecode.c.h; path = MPSViewController.h; sourceTree = "<group>"; };
		E534763D1856B7DF00D02431 /* MPSViewController.m */ = {isa = PBXFileReference; lastKnownFileType = sourcecode.c.objc; path = MPSViewController.m; sourceTree = "<group>"; };
		E534763F1856B7DF00D02431 /* Images.xcassets */ = {isa = PBXFileReference; lastKnownFileType = folder.assetcatalog; path = Images.xcassets; sourceTree = "<group>"; };
		E53476451856B7DF00D02431 /* RACTestTests.xctest */ = {isa = PBXFileReference; explicitFileType = wrapper.cfbundle; includeInIndex = 0; path = RACTestTests.xctest; sourceTree = BUILT_PRODUCTS_DIR; };
		E53476461856B7DF00D02431 /* XCTest.framework */ = {isa = PBXFileReference; lastKnownFileType = wrapper.framework; name = XCTest.framework; path = Library/Frameworks/XCTest.framework; sourceTree = DEVELOPER_DIR; };
		E534764E1856B7DF00D02431 /* RACTestTests-Info.plist */ = {isa = PBXFileReference; lastKnownFileType = text.plist.xml; path = "RACTestTests-Info.plist"; sourceTree = "<group>"; };
		E53476501856B7DF00D02431 /* en */ = {isa = PBXFileReference; lastKnownFileType = text.plist.strings; name = en; path = en.lproj/InfoPlist.strings; sourceTree = "<group>"; };
		E5A410E1189C7924005F5424 /* MPSTickerTest.m */ = {isa = PBXFileReference; fileEncoding = 4; lastKnownFileType = sourcecode.c.objc; path = MPSTickerTest.m; sourceTree = "<group>"; };
		E5A410E3189C79D9005F5424 /* MPSTicker.h */ = {isa = PBXFileReference; fileEncoding = 4; lastKnownFileType = sourcecode.c.h; name = MPSTicker.h; path = "Shared Components/MPSTicker.h"; sourceTree = SOURCE_ROOT; };
		E5A410E4189C79D9005F5424 /* MPSTicker.m */ = {isa = PBXFileReference; fileEncoding = 4; lastKnownFileType = sourcecode.c.objc; name = MPSTicker.m; path = "Shared Components/MPSTicker.m"; sourceTree = SOURCE_ROOT; };
		E5A410E5189C79D9005F5424 /* MPSViewModel.h */ = {isa = PBXFileReference; fileEncoding = 4; lastKnownFileType = sourcecode.c.h; name = MPSViewModel.h; path = "Shared Components/MPSViewModel.h"; sourceTree = SOURCE_ROOT; };
		E5A410E6189C79D9005F5424 /* MPSViewModel.m */ = {isa = PBXFileReference; fileEncoding = 4; lastKnownFileType = sourcecode.c.objc; name = MPSViewModel.m; path = "Shared Components/MPSViewModel.m"; sourceTree = SOURCE_ROOT; };
		E5E4AF8318A3156F003F1253 /* Warnings.xcconfig */ = {isa = PBXFileReference; fileEncoding = 4; lastKnownFileType = text.xcconfig; path = Warnings.xcconfig; sourceTree = "<group>"; };
/* End PBXFileReference section */

/* Begin PBXFrameworksBuildPhase section */
		E53476211856B7DF00D02431 /* Frameworks */ = {
			isa = PBXFrameworksBuildPhase;
			buildActionMask = 2147483647;
			files = (
				E534762A1856B7DF00D02431 /* CoreGraphics.framework in Frameworks */,
				E534762C1856B7DF00D02431 /* UIKit.framework in Frameworks */,
				E53476281856B7DF00D02431 /* Foundation.framework in Frameworks */,
				26301E9FFCDF4FA9ABA3F1A4 /* libPods.a in Frameworks */,
			);
			runOnlyForDeploymentPostprocessing = 0;
		};
		E53476421856B7DF00D02431 /* Frameworks */ = {
			isa = PBXFrameworksBuildPhase;
			buildActionMask = 2147483647;
			files = (
				E53476471856B7DF00D02431 /* XCTest.framework in Frameworks */,
				E53476491856B7DF00D02431 /* UIKit.framework in Frameworks */,
				E53476481856B7DF00D02431 /* Foundation.framework in Frameworks */,
			);
			runOnlyForDeploymentPostprocessing = 0;
		};
/* End PBXFrameworksBuildPhase section */

/* Begin PBXGroup section */
		E52E5916186124DF00071D76 /* Ticker */ = {
			isa = PBXGroup;
			children = (
				E5A410E3189C79D9005F5424 /* MPSTicker.h */,
				E5A410E4189C79D9005F5424 /* MPSTicker.m */,
			);
			name = Ticker;
			path = ../RACTest;
			sourceTree = "<group>";
		};
		E52E5917186124E500071D76 /* ViewModel */ = {
			isa = PBXGroup;
			children = (
				E5A410E5189C79D9005F5424 /* MPSViewModel.h */,
				E5A410E6189C79D9005F5424 /* MPSViewModel.m */,
			);
			name = ViewModel;
			path = ../RACTest;
			sourceTree = "<group>";
		};
		E52E5918186124E900071D76 /* ViewController */ = {
			isa = PBXGroup;
			children = (
				E534763C1856B7DF00D02431 /* MPSViewController.h */,
				E534763D1856B7DF00D02431 /* MPSViewController.m */,
			);
			name = ViewController;
			sourceTree = "<group>";
		};
		E534761B1856B7DF00D02431 = {
			isa = PBXGroup;
			children = (
				E5A410E0189C78F8005F5424 /* Shared Components */,
				E534762D1856B7DF00D02431 /* RACTest */,
				E534764C1856B7DF00D02431 /* RACTestTests */,
				E53476261856B7DF00D02431 /* Frameworks */,
				E53476251856B7DF00D02431 /* Products */,
				5A2F6586DCD94238BF15590B /* Pods.xcconfig */,
				E5E4AF8318A3156F003F1253 /* Warnings.xcconfig */,
			);
			sourceTree = "<group>";
			usesTabs = 1;
		};
		E53476251856B7DF00D02431 /* Products */ = {
			isa = PBXGroup;
			children = (
				E53476241856B7DF00D02431 /* RACTest.app */,
				E53476451856B7DF00D02431 /* RACTestTests.xctest */,
			);
			name = Products;
			sourceTree = "<group>";
		};
		E53476261856B7DF00D02431 /* Frameworks */ = {
			isa = PBXGroup;
			children = (
				E53476271856B7DF00D02431 /* Foundation.framework */,
				E53476291856B7DF00D02431 /* CoreGraphics.framework */,
				E534762B1856B7DF00D02431 /* UIKit.framework */,
				E53476461856B7DF00D02431 /* XCTest.framework */,
				36AA087152DD4100B4D0BA7C /* libPods.a */,
			);
			name = Frameworks;
			sourceTree = "<group>";
		};
		E534762D1856B7DF00D02431 /* RACTest */ = {
			isa = PBXGroup;
			children = (
				E53476391856B7DF00D02431 /* Main.storyboard */,
				E5CFCAA41862648D0057B420 /* App Delegate */,
				E52E5918186124E900071D76 /* ViewController */,
				E534763F1856B7DF00D02431 /* Images.xcassets */,
				E534762E1856B7DF00D02431 /* Supporting Files */,
			);
			path = RACTest;
			sourceTree = "<group>";
		};
		E534762E1856B7DF00D02431 /* Supporting Files */ = {
			isa = PBXGroup;
			children = (
				E534762F1856B7DF00D02431 /* RACTest-Info.plist */,
				E53476301856B7DF00D02431 /* InfoPlist.strings */,
				E53476331856B7DF00D02431 /* main.m */,
				E53476351856B7DF00D02431 /* RACTest-Prefix.pch */,
			);
			name = "Supporting Files";
			sourceTree = "<group>";
		};
		E534764C1856B7DF00D02431 /* RACTestTests */ = {
			isa = PBXGroup;
			children = (
				E5A410E1189C7924005F5424 /* MPSTickerTest.m */,
				E534764D1856B7DF00D02431 /* Supporting Files */,
			);
			path = RACTestTests;
			sourceTree = "<group>";
		};
		E534764D1856B7DF00D02431 /* Supporting Files */ = {
			isa = PBXGroup;
			children = (
				E534764E1856B7DF00D02431 /* RACTestTests-Info.plist */,
				E534764F1856B7DF00D02431 /* InfoPlist.strings */,
			);
			name = "Supporting Files";
			sourceTree = "<group>";
		};
		E5A410E0189C78F8005F5424 /* Shared Components */ = {
			isa = PBXGroup;
			children = (
				E52E5916186124DF00071D76 /* Ticker */,
				E52E5917186124E500071D76 /* ViewModel */,
			);
			path = "Shared Components";
			sourceTree = "<group>";
		};
		E5CFCAA41862648D0057B420 /* App Delegate */ = {
			isa = PBXGroup;
			children = (
				E53476361856B7DF00D02431 /* MPSAppDelegate.h */,
				E53476371856B7DF00D02431 /* MPSAppDelegate.m */,
			);
			name = "App Delegate";
			sourceTree = "<group>";
		};
/* End PBXGroup section */

/* Begin PBXNativeTarget section */
		E53476231856B7DF00D02431 /* RACTest */ = {
			isa = PBXNativeTarget;
			buildConfigurationList = E53476561856B7DF00D02431 /* Build configuration list for PBXNativeTarget "RACTest" */;
			buildPhases = (
				5DCACF6DDD10421984BAE3AB /* Check Pods Manifest.lock */,
				E53476201856B7DF00D02431 /* Sources */,
				E53476211856B7DF00D02431 /* Frameworks */,
				E53476221856B7DF00D02431 /* Resources */,
				D65B943EC9CF445F96276F50 /* Copy Pods Resources */,
			);
			buildRules = (
			);
			dependencies = (
			);
			name = RACTest;
			productName = RACTest;
			productReference = E53476241856B7DF00D02431 /* RACTest.app */;
			productType = "com.apple.product-type.application";
		};
		E53476441856B7DF00D02431 /* RACTestTests */ = {
			isa = PBXNativeTarget;
			buildConfigurationList = E53476591856B7DF00D02431 /* Build configuration list for PBXNativeTarget "RACTestTests" */;
			buildPhases = (
				E53476411856B7DF00D02431 /* Sources */,
				E53476421856B7DF00D02431 /* Frameworks */,
				E53476431856B7DF00D02431 /* Resources */,
			);
			buildRules = (
			);
			dependencies = (
				E534764B1856B7DF00D02431 /* PBXTargetDependency */,
			);
			name = RACTestTests;
			productName = RACTestTests;
			productReference = E53476451856B7DF00D02431 /* RACTestTests.xctest */;
			productType = "com.apple.product-type.bundle.unit-test";
		};
/* End PBXNativeTarget section */

/* Begin PBXProject section */
		E534761C1856B7DF00D02431 /* Project object */ = {
			isa = PBXProject;
			attributes = {
				CLASSPREFIX = MPS;
				LastUpgradeCheck = 0500;
				ORGANIZATIONNAME = "Mechanical Pants";
				TargetAttributes = {
					E53476441856B7DF00D02431 = {
						TestTargetID = E53476231856B7DF00D02431;
					};
				};
			};
			buildConfigurationList = E534761F1856B7DF00D02431 /* Build configuration list for PBXProject "RACTest" */;
			compatibilityVersion = "Xcode 3.2";
			developmentRegion = English;
			hasScannedForEncodings = 0;
			knownRegions = (
				en,
				Base,
			);
			mainGroup = E534761B1856B7DF00D02431;
			productRefGroup = E53476251856B7DF00D02431 /* Products */;
			projectDirPath = "";
			projectRoot = "";
			targets = (
				E53476231856B7DF00D02431 /* RACTest */,
				E53476441856B7DF00D02431 /* RACTestTests */,
			);
		};
/* End PBXProject section */

/* Begin PBXResourcesBuildPhase section */
		E53476221856B7DF00D02431 /* Resources */ = {
			isa = PBXResourcesBuildPhase;
			buildActionMask = 2147483647;
			files = (
				E53476401856B7DF00D02431 /* Images.xcassets in Resources */,
				E53476321856B7DF00D02431 /* InfoPlist.strings in Resources */,
				E534763B1856B7DF00D02431 /* Main.storyboard in Resources */,
			);
			runOnlyForDeploymentPostprocessing = 0;
		};
		E53476431856B7DF00D02431 /* Resources */ = {
			isa = PBXResourcesBuildPhase;
			buildActionMask = 2147483647;
			files = (
				E53476511856B7DF00D02431 /* InfoPlist.strings in Resources */,
			);
			runOnlyForDeploymentPostprocessing = 0;
		};
/* End PBXResourcesBuildPhase section */

/* Begin PBXShellScriptBuildPhase section */
		5DCACF6DDD10421984BAE3AB /* Check Pods Manifest.lock */ = {
			isa = PBXShellScriptBuildPhase;
			buildActionMask = 2147483647;
			files = (
			);
			inputPaths = (
			);
			name = "Check Pods Manifest.lock";
			outputPaths = (
			);
			runOnlyForDeploymentPostprocessing = 0;
			shellPath = /bin/sh;
			shellScript = "diff \"${PODS_ROOT}/../Podfile.lock\" \"${PODS_ROOT}/Manifest.lock\" > /dev/null\nif [[ $? != 0 ]] ; then\n    cat << EOM\nerror: The sandbox is not in sync with the Podfile.lock. Run 'pod install' or update your CocoaPods installation.\nEOM\n    exit 1\nfi\n";
			showEnvVarsInLog = 0;
		};
		D65B943EC9CF445F96276F50 /* Copy Pods Resources */ = {
			isa = PBXShellScriptBuildPhase;
			buildActionMask = 2147483647;
			files = (
			);
			inputPaths = (
			);
			name = "Copy Pods Resources";
			outputPaths = (
			);
			runOnlyForDeploymentPostprocessing = 0;
			shellPath = /bin/sh;
			shellScript = "\"${SRCROOT}/Pods/Pods-resources.sh\"\n";
			showEnvVarsInLog = 0;
		};
/* End PBXShellScriptBuildPhase section */

/* Begin PBXSourcesBuildPhase section */
		E53476201856B7DF00D02431 /* Sources */ = {
			isa = PBXSourcesBuildPhase;
			buildActionMask = 2147483647;
			files = (
				E53476341856B7DF00D02431 /* main.m in Sources */,
				E5A410E7189C79D9005F5424 /* MPSTicker.m in Sources */,
				E53476381856B7DF00D02431 /* MPSAppDelegate.m in Sources */,
				E534763E1856B7DF00D02431 /* MPSViewController.m in Sources */,
				E5A410E9189C79D9005F5424 /* MPSViewModel.m in Sources */,
			);
			runOnlyForDeploymentPostprocessing = 0;
		};
		E53476411856B7DF00D02431 /* Sources */ = {
			isa = PBXSourcesBuildPhase;
			buildActionMask = 2147483647;
			files = (
				E5A410E2189C7924005F5424 /* MPSTickerTest.m in Sources */,
				E5A410E8189C79D9005F5424 /* MPSTicker.m in Sources */,
				E5A410EA189C79D9005F5424 /* MPSViewModel.m in Sources */,
			);
			runOnlyForDeploymentPostprocessing = 0;
		};
/* End PBXSourcesBuildPhase section */

/* Begin PBXTargetDependency section */
		E534764B1856B7DF00D02431 /* PBXTargetDependency */ = {
			isa = PBXTargetDependency;
			target = E53476231856B7DF00D02431 /* RACTest */;
			targetProxy = E534764A1856B7DF00D02431 /* PBXContainerItemProxy */;
		};
/* End PBXTargetDependency section */

/* Begin PBXVariantGroup section */
		E53476301856B7DF00D02431 /* InfoPlist.strings */ = {
			isa = PBXVariantGroup;
			children = (
				E53476311856B7DF00D02431 /* en */,
			);
			name = InfoPlist.strings;
			sourceTree = "<group>";
		};
		E53476391856B7DF00D02431 /* Main.storyboard */ = {
			isa = PBXVariantGroup;
			children = (
				E534763A1856B7DF00D02431 /* Base */,
			);
			name = Main.storyboard;
			sourceTree = "<group>";
		};
		E534764F1856B7DF00D02431 /* InfoPlist.strings */ = {
			isa = PBXVariantGroup;
			children = (
				E53476501856B7DF00D02431 /* en */,
			);
			name = InfoPlist.strings;
			sourceTree = "<group>";
		};
/* End PBXVariantGroup section */

/* Begin XCBuildConfiguration section */
		E53476541856B7DF00D02431 /* Debug */ = {
			isa = XCBuildConfiguration;
			baseConfigurationReference = E5E4AF8318A3156F003F1253 /* Warnings.xcconfig */;
			buildSettings = {
				ALWAYS_SEARCH_USER_PATHS = NO;
				ARCHS = "$(ARCHS_STANDARD_INCLUDING_64_BIT)";
				CLANG_CXX_LANGUAGE_STANDARD = "gnu++0x";
				CLANG_CXX_LIBRARY = "libc++";
				CLANG_ENABLE_MODULES = YES;
				CLANG_ENABLE_OBJC_ARC = YES;
				CLANG_WARN_BOOL_CONVERSION = YES;
				CLANG_WARN_CONSTANT_CONVERSION = YES;
				CLANG_WARN_DIRECT_OBJC_ISA_USAGE = YES_ERROR;
				CLANG_WARN_EMPTY_BODY = YES;
				CLANG_WARN_ENUM_CONVERSION = YES;
				CLANG_WARN_INT_CONVERSION = YES;
				CLANG_WARN_OBJC_ROOT_CLASS = YES_ERROR;
				CLANG_WARN__DUPLICATE_METHOD_MATCH = YES;
				"CODE_SIGN_IDENTITY[sdk=iphoneos*]" = "iPhone Developer";
				COPY_PHASE_STRIP = NO;
				GCC_C_LANGUAGE_STANDARD = gnu99;
				GCC_DYNAMIC_NO_PIC = NO;
				GCC_OPTIMIZATION_LEVEL = 0;
				GCC_PREPROCESSOR_DEFINITIONS = (
					"DEBUG=1",
					"$(inherited)",
				);
				GCC_SYMBOLS_PRIVATE_EXTERN = NO;
				GCC_WARN_64_TO_32_BIT_CONVERSION = YES;
				GCC_WARN_ABOUT_RETURN_TYPE = YES_ERROR;
				GCC_WARN_UNDECLARED_SELECTOR = YES;
				GCC_WARN_UNINITIALIZED_AUTOS = YES;
				GCC_WARN_UNUSED_FUNCTION = YES;
				GCC_WARN_UNUSED_VARIABLE = YES;
				IPHONEOS_DEPLOYMENT_TARGET = 7.0;
				ONLY_ACTIVE_ARCH = YES;
				SDKROOT = iphoneos;
			};
			name = Debug;
		};
		E53476551856B7DF00D02431 /* Release */ = {
			isa = XCBuildConfiguration;
			baseConfigurationReference = E5E4AF8318A3156F003F1253 /* Warnings.xcconfig */;
			buildSettings = {
				ALWAYS_SEARCH_USER_PATHS = NO;
				ARCHS = "$(ARCHS_STANDARD_INCLUDING_64_BIT)";
				CLANG_CXX_LANGUAGE_STANDARD = "gnu++0x";
				CLANG_CXX_LIBRARY = "libc++";
				CLANG_ENABLE_MODULES = YES;
				CLANG_ENABLE_OBJC_ARC = YES;
				CLANG_WARN_BOOL_CONVERSION = YES;
				CLANG_WARN_CONSTANT_CONVERSION = YES;
				CLANG_WARN_DIRECT_OBJC_ISA_USAGE = YES_ERROR;
				CLANG_WARN_EMPTY_BODY = YES;
				CLANG_WARN_ENUM_CONVERSION = YES;
				CLANG_WARN_INT_CONVERSION = YES;
				CLANG_WARN_OBJC_ROOT_CLASS = YES_ERROR;
				CLANG_WARN__DUPLICATE_METHOD_MATCH = YES;
				"CODE_SIGN_IDENTITY[sdk=iphoneos*]" = "iPhone Developer";
				COPY_PHASE_STRIP = YES;
				ENABLE_NS_ASSERTIONS = NO;
				GCC_C_LANGUAGE_STANDARD = gnu99;
				GCC_WARN_64_TO_32_BIT_CONVERSION = YES;
				GCC_WARN_ABOUT_RETURN_TYPE = YES_ERROR;
				GCC_WARN_UNDECLARED_SELECTOR = YES;
				GCC_WARN_UNINITIALIZED_AUTOS = YES;
				GCC_WARN_UNUSED_FUNCTION = YES;
				GCC_WARN_UNUSED_VARIABLE = YES;
				IPHONEOS_DEPLOYMENT_TARGET = 7.0;
				SDKROOT = iphoneos;
				VALIDATE_PRODUCT = YES;
			};
			name = Release;
		};
		E53476571856B7DF00D02431 /* Debug */ = {
			isa = XCBuildConfiguration;
			baseConfigurationReference = 5A2F6586DCD94238BF15590B /* Pods.xcconfig */;
			buildSettings = {
				ASSETCATALOG_COMPILER_APPICON_NAME = AppIcon;
				ASSETCATALOG_COMPILER_LAUNCHIMAGE_NAME = LaunchImage;
				GCC_PRECOMPILE_PREFIX_HEADER = YES;
				GCC_PREFIX_HEADER = "RACTest/RACTest-Prefix.pch";
				INFOPLIST_FILE = "RACTest/RACTest-Info.plist";
				PRODUCT_NAME = "$(TARGET_NAME)";
				WRAPPER_EXTENSION = app;
			};
			name = Debug;
		};
		E53476581856B7DF00D02431 /* Release */ = {
			isa = XCBuildConfiguration;
			baseConfigurationReference = 5A2F6586DCD94238BF15590B /* Pods.xcconfig */;
			buildSettings = {
				ASSETCATALOG_COMPILER_APPICON_NAME = AppIcon;
				ASSETCATALOG_COMPILER_LAUNCHIMAGE_NAME = LaunchImage;
				GCC_PRECOMPILE_PREFIX_HEADER = YES;
				GCC_PREFIX_HEADER = "RACTest/RACTest-Prefix.pch";
				INFOPLIST_FILE = "RACTest/RACTest-Info.plist";
				PRODUCT_NAME = "$(TARGET_NAME)";
				WRAPPER_EXTENSION = app;
			};
			name = Release;
		};
		E534765A1856B7DF00D02431 /* Debug */ = {
			isa = XCBuildConfiguration;
			baseConfigurationReference = 5A2F6586DCD94238BF15590B /* Pods.xcconfig */;
			buildSettings = {
				ARCHS = "$(ARCHS_STANDARD_INCLUDING_64_BIT)";
				BUNDLE_LOADER = "$(BUILT_PRODUCTS_DIR)/RACTest.app/RACTest";
				FRAMEWORK_SEARCH_PATHS = (
					"$(SDKROOT)/Developer/Library/Frameworks",
					"$(inherited)",
					"$(DEVELOPER_FRAMEWORKS_DIR)",
				);
				GCC_PRECOMPILE_PREFIX_HEADER = YES;
				GCC_PREFIX_HEADER = "RACTest/RACTest-Prefix.pch";
				GCC_PREPROCESSOR_DEFINITIONS = (
					"DEBUG=1",
					"$(inherited)",
				);
				INFOPLIST_FILE = "RACTestTests/RACTestTests-Info.plist";
				PRODUCT_NAME = "$(TARGET_NAME)";
				TEST_HOST = "$(BUNDLE_LOADER)";
				WRAPPER_EXTENSION = xctest;
			};
			name = Debug;
		};
		E534765B1856B7DF00D02431 /* Release */ = {
			isa = XCBuildConfiguration;
			baseConfigurationReference = 5A2F6586DCD94238BF15590B /* Pods.xcconfig */;
			buildSettings = {
				ARCHS = "$(ARCHS_STANDARD_INCLUDING_64_BIT)";
				BUNDLE_LOADER = "$(BUILT_PRODUCTS_DIR)/RACTest.app/RACTest";
				FRAMEWORK_SEARCH_PATHS = (
					"$(SDKROOT)/Developer/Library/Frameworks",
					"$(inherited)",
					"$(DEVELOPER_FRAMEWORKS_DIR)",
				);
				GCC_PRECOMPILE_PREFIX_HEADER = YES;
				GCC_PREFIX_HEADER = "RACTest/RACTest-Prefix.pch";
				INFOPLIST_FILE = "RACTestTests/RACTestTests-Info.plist";
				PRODUCT_NAME = "$(TARGET_NAME)";
				TEST_HOST = "$(BUNDLE_LOADER)";
				WRAPPER_EXTENSION = xctest;
			};
			name = Release;
		};
/* End XCBuildConfiguration section */

/* Begin XCConfigurationList section */
		E534761F1856B7DF00D02431 /* Build configuration list for PBXProject "RACTest" */ = {
			isa = XCConfigurationList;
			buildConfigurations = (
				E53476541856B7DF00D02431 /* Debug */,
				E53476551856B7DF00D02431 /* Release */,
			);
			defaultConfigurationIsVisible = 0;
			defaultConfigurationName = Release;
		};
		E53476561856B7DF00D02431 /* Build configuration list for PBXNativeTarget "RACTest" */ = {
			isa = XCConfigurationList;
			buildConfigurations = (
				E53476571856B7DF00D02431 /* Debug */,
				E53476581856B7DF00D02431 /* Release */,
			);
			defaultConfigurationIsVisible = 0;
			defaultConfigurationName = Release;
		};
		E53476591856B7DF00D02431 /* Build configuration list for PBXNativeTarget "RACTestTests" */ = {
			isa = XCConfigurationList;
			buildConfigurations = (
				E534765A1856B7DF00D02431 /* Debug */,
				E534765B1856B7DF00D02431 /* Release */,
			);
			defaultConfigurationIsVisible = 0;
			defaultConfigurationName = Release;
		};
/* End XCConfigurationList section */
	};
	rootObject = E534761C1856B7DF00D02431 /* Project object */;
}
